{
    "_readme": [
        "This file locks the dependencies of your project to a known state",
        "Read more about it at https://getcomposer.org/doc/01-basic-usage.md#composer-lock-the-lock-file",
        "This file is @generated automatically"
    ],
    "hash": "acb4b737c8cc9c552338d631bbde7a71",
    "content-hash": "59c5866b0b75323845adf67f2e59df38",
    "packages": [
        {
            "name": "myclabs/deep-copy",
            "version": "1.5.2",
            "source": {
                "type": "git",
                "url": "https://github.com/myclabs/DeepCopy.git",
                "reference": "da8529775f14f4fdae33f916eb0cf65f6afbddbc"
            },
            "dist": {
                "type": "zip",
                "url": "https://api.github.com/repos/myclabs/DeepCopy/zipball/da8529775f14f4fdae33f916eb0cf65f6afbddbc",
                "reference": "da8529775f14f4fdae33f916eb0cf65f6afbddbc",
                "shasum": ""
            },
            "require": {
                "php": ">=5.4.0"
            },
            "require-dev": {
                "doctrine/collections": "1.*",
                "phpunit/phpunit": "~4.1"
            },
            "type": "library",
            "autoload": {
                "psr-4": {
                    "DeepCopy\\": "src/DeepCopy/"
                }
            },
            "notification-url": "https://packagist.org/downloads/",
            "license": [
                "MIT"
            ],
            "description": "Create deep copies (clones) of your objects",
            "homepage": "https://github.com/myclabs/DeepCopy",
            "keywords": [
                "clone",
                "copy",
                "duplicate",
                "object",
                "object graph"
            ],
            "time": "2016-09-06 16:07:05"
        },
        {
            "name": "new-inventor/abstractions",
            "version": "dev-master",
            "source": {
                "type": "git",
                "url": "https://github.com/new-inventor/abstractions.git",
                "reference": "4c8402fb9da4699780307cd2d77b68befa666d37"
            },
            "dist": {
                "type": "zip",
                "url": "https://api.github.com/repos/new-inventor/abstractions/zipball/4c8402fb9da4699780307cd2d77b68befa666d37",
                "reference": "4c8402fb9da4699780307cd2d77b68befa666d37",
                "shasum": ""
            },
            "require": {
                "new-inventor/php-type-checker": "*"
            },
            "require-dev": {
                "phpunit/phpunit": "5.1.*"
            },
            "type": "library",
            "autoload": {
                "psr-4": {
                    "NewInventor\\Abstractions\\": "src/"
                }
            },
            "notification-url": "https://packagist.org/downloads/",
            "license": [
                "MIT"
            ],
            "authors": [
                {
                    "name": "Georgy Ionov",
                    "email": "newinventor20@gmail.com"
                }
            ],
            "description": "Abstractions for projects",
            "time": "2016-04-04 10:25:14"
        },
        {
            "name": "new-inventor/config-tool",
            "version": "dev-master",
            "source": {
                "type": "git",
                "url": "https://github.com/new-inventor/config-tool.git",
                "reference": "2e0c7fa388330a332aae37a3a08c284dd083474e"
            },
            "dist": {
                "type": "zip",
                "url": "https://api.github.com/repos/new-inventor/config-tool/zipball/2e0c7fa388330a332aae37a3a08c284dd083474e",
                "reference": "2e0c7fa388330a332aae37a3a08c284dd083474e",
                "shasum": ""
            },
            "require": {
                "new-inventor/patterns": "*",
                "new-inventor/php-type-checker": "*",
                "php": ">=5.4.0"
            },
            "require-dev": {
                "phpunit/phpunit": "5.1.*"
            },
            "type": "library",
            "autoload": {
                "psr-4": {
                    "NewInventor\\ConfigTool\\": "src/"
                }
            },
            "notification-url": "https://packagist.org/downloads/",
            "license": [
                "MIT"
            ],
            "authors": [
                {
                    "name": "Georgy Ionov",
                    "email": "newinventor20@gmail.com"
                }
            ],
            "description": "Config tool for projects",
            "time": "2016-09-11 19:17:28"
        },
        {
            "name": "new-inventor/patterns",
            "version": "dev-master",
            "source": {
                "type": "git",
                "url": "https://github.com/new-inventor/patterns.git",
                "reference": "d4a164d7ce2aa66f3159d3c71e7ab7be4398f6e6"
            },
            "dist": {
                "type": "zip",
                "url": "https://api.github.com/repos/new-inventor/patterns/zipball/d4a164d7ce2aa66f3159d3c71e7ab7be4398f6e6",
                "reference": "d4a164d7ce2aa66f3159d3c71e7ab7be4398f6e6",
                "shasum": ""
            },
            "require": {
                "php": ">=5.4.0"
            },
            "type": "library",
            "autoload": {
                "psr-4": {
                    "NewInventor\\Patterns\\": "src/"
                }
            },
            "notification-url": "https://packagist.org/downloads/",
            "license": [
                "MIT"
            ],
            "authors": [
                {
                    "name": "George Ionov",
                    "email": "newinventor20@gmail.com"
                }
            ],
            "description": "Patterns realisation",
            "time": "2016-09-11 18:08:41"
        },
        {
            "name": "new-inventor/php-type-checker",
            "version": "dev-master",
            "source": {
                "type": "git",
                "url": "https://github.com/new-inventor/php-type-checker.git",
                "reference": "0236c2cc9530dc264e4f2aa04b0ce24382ab3c0b"
            },
            "dist": {
                "type": "zip",
                "url": "https://api.github.com/repos/new-inventor/php-type-checker/zipball/0236c2cc9530dc264e4f2aa04b0ce24382ab3c0b",
                "reference": "0236c2cc9530dc264e4f2aa04b0ce24382ab3c0b",
                "shasum": ""
            },
            "require": {
                "new-inventor/patterns": "*",
                "php": ">=5.4.0"
            },
            "require-dev": {
                "phpunit/phpunit": "5.1.*"
            },
            "type": "library",
            "autoload": {
                "psr-4": {
                    "NewInventor\\TypeChecker\\": "src/"
                }
            },
            "notification-url": "https://packagist.org/downloads/",
            "license": [
                "MIT"
            ],
            "authors": [
                {
                    "name": "Georgy Ionov",
                    "email": "newinventor20@gmail.com"
                }
            ],
            "description": "Type checker for base types or list of types or arrays",
            "time": "2016-04-01 13:23:05"
        },
        {
            "name": "new-inventor/template",
            "version": "dev-master",
            "source": {
                "type": "git",
                "url": "https://github.com/new-inventor/template.git",
                "reference": "c3c95edfbddfd2ef050da425babd77bbc62231af"
            },
            "dist": {
                "type": "zip",
                "url": "https://api.github.com/repos/new-inventor/template/zipball/c3c95edfbddfd2ef050da425babd77bbc62231af",
                "reference": "c3c95edfbddfd2ef050da425babd77bbc62231af",
                "shasum": ""
            },
            "require": {
                "new-inventor/config-tool": "*",
                "new-inventor/php-type-checker": "*",
                "php": ">=5.4.0"
            },
            "type": "library",
            "autoload": {
                "psr-4": {
                    "NewInventor\\Template\\": "src/"
                }
            },
            "notification-url": "https://packagist.org/downloads/",
            "license": [
                "MIT"
            ],
            "authors": [
                {
                    "name": "Georgy Ionov",
                    "email": "newinventor20@gmail.com"
                }
            ],
            "description": "Template class for string replacements",
            "time": "2016-04-25 12:05:27"
        },
        {
            "name": "new-inventor/value-validator",
            "version": "dev-master",
            "source": {
                "type": "git",
                "url": "https://github.com/new-inventor/value-validator.git",
                "reference": "a852dd6c3894262ff89aec0e6aab7d1904279ccd"
            },
            "require": {
                "new-inventor/abstractions": "*",
                "new-inventor/php-type-checker": "*",
                "php": ">=5.4.0"
            },
            "require-dev": {
                "phpunit/phpunit": "5.1.*"
            },
            "type": "library",
            "autoload": {
                "psr-4": {
                    "NewInventor\\ValueValidator\\": "src/"
                }
            },
            "license": [
                "MIT"
            ],
            "authors": [
                {
                    "name": "Georgy Ionov",
                    "email": "newinventor20@gmail.com"
                }
            ],
            "description": "Validates values",
            "time": "2016-04-04 13:17:07"
        }
    ],
    "packages-dev": [],
    "aliases": [],
    "minimum-stability": "dev",
    "stability-flags": [],
    "prefer-stable": false,
    "prefer-lowest": false,
    "platform": [],
    "platform-dev": []
}
